
Microsoft Visual Studio Solution File, Format Version 12.00
# Visual Studio 14
VisualStudioVersion = 14.0.23107.0
MinimumVisualStudioVersion = 10.0.40219.1
Project("{FAE04EC0-301F-11D3-BF4B-00C04F79EFBC}") = "Core", "Core\Core.csproj", "{B925E4E7-7486-4F3E-B9CE-CCC143556AE7}"
EndProject
Project("{FAE04EC0-301F-11D3-BF4B-00C04F79EFBC}") = "Persistencia", "Persistencia\Persistencia.csproj", "{B3A1B4CC-CD13-444F-BF13-991B1AFC1625}"
EndProject
Project("{FAE04EC0-301F-11D3-BF4B-00C04F79EFBC}") = "PresentacionMVC", "PresentacionMVC\PresentacionMVC.csproj", "{1886AC03-297D-42C7-A5D6-2F85FD63C8BD}"
EndProject
Global
	GlobalSection(SolutionConfigurationPlatforms) = preSolution
		Debug|Any CPU = Debug|Any CPU
		Release|Any CPU = Release|Any CPU
	EndGlobalSection
	GlobalSection(ProjectConfigurationPlatforms) = postSolution
		{B925E4E7-7486-4F3E-B9CE-CCC143556AE7}.Debug|Any CPU.ActiveCfg = Debug|Any CPU
		{B925E4E7-7486-4F3E-B9CE-CCC143556AE7}.Debug|Any CPU.Build.0 = Debug|Any CPU
		{B925E4E7-7486-4F3E-B9CE-CCC143556AE7}.Release|Any CPU.ActiveCfg = Release|Any CPU
		{B925E4E7-7486-4F3E-B9CE-CCC143556AE7}.Release|Any CPU.Build.0 = Release|Any CPU
		{B3A1B4CC-CD13-444F-BF13-991B1AFC1625}.Debug|Any CPU.ActiveCfg = Debug|Any CPU
		{B3A1B4CC-CD13-444F-BF13-991B1AFC1625}.Debug|Any CPU.Build.0 = Debug|Any CPU
		{B3A1B4CC-CD13-444F-BF13-991B1AFC1625}.Release|Any CPU.ActiveCfg = Release|Any CPU
		{B3A1B4CC-CD13-444F-BF13-991B1AFC1625}.Release|Any CPU.Build.0 = Release|Any CPU
		{1886AC03-297D-42C7-A5D6-2F85FD63C8BD}.Debug|Any CPU.ActiveCfg = Debug|Any CPU
		{1886AC03-297D-42C7-A5D6-2F85FD63C8BD}.Debug|Any CPU.Build.0 = Debug|Any CPU
		{1886AC03-297D-42C7-A5D6-2F85FD63C8BD}.Release|Any CPU.ActiveCfg = Release|Any CPU
		{1886AC03-297D-42C7-A5D6-2F85FD63C8BD}.Release|Any CPU.Build.0 = Release|Any CPU
	EndGlobalSection
	GlobalSection(SolutionProperties) = preSolution
		HideSolutionNode = FALSE
	EndGlobalSection
EndGlobal
